// !$*UTF8*$!
{
	archiveVersion = 1;
	classes = {
	};
	objectVersion = 56;
	objects = {

/* Begin PBXBuildFile section */
		0B681FDA297F2E80002722F1 /* ChefdApp.swift in Sources */ = {isa = PBXBuildFile; fileRef = 0B681FD9297F2E80002722F1 /* ChefdApp.swift */; };
		0B681FDC297F2E80002722F1 /* ContentView.swift in Sources */ = {isa = PBXBuildFile; fileRef = 0B681FDB297F2E80002722F1 /* ContentView.swift */; };
		0B681FDE297F2E82002722F1 /* Assets.xcassets in Resources */ = {isa = PBXBuildFile; fileRef = 0B681FDD297F2E82002722F1 /* Assets.xcassets */; };
		0B681FE2297F2E82002722F1 /* Preview Assets.xcassets in Resources */ = {isa = PBXBuildFile; fileRef = 0B681FE1297F2E82002722F1 /* Preview Assets.xcassets */; };
		0B681FEC297F2E82002722F1 /* ChefdTests.swift in Sources */ = {isa = PBXBuildFile; fileRef = 0B681FEB297F2E82002722F1 /* ChefdTests.swift */; };
		0B681FF6297F2E82002722F1 /* ChefdUITests.swift in Sources */ = {isa = PBXBuildFile; fileRef = 0B681FF5297F2E82002722F1 /* ChefdUITests.swift */; };
		0B681FF8297F2E82002722F1 /* ChefdUITestsLaunchTests.swift in Sources */ = {isa = PBXBuildFile; fileRef = 0B681FF7297F2E82002722F1 /* ChefdUITestsLaunchTests.swift */; };
		0B682007297F3CE0002722F1 /* HomeView.swift in Sources */ = {isa = PBXBuildFile; fileRef = 0B682006297F3CE0002722F1 /* HomeView.swift */; };
		0B682009297F3E0A002722F1 /* SearchView.swift in Sources */ = {isa = PBXBuildFile; fileRef = 0B682008297F3E0A002722F1 /* SearchView.swift */; };
		0B68200B297F4033002722F1 /* AddView.swift in Sources */ = {isa = PBXBuildFile; fileRef = 0B68200A297F4033002722F1 /* AddView.swift */; };
		0B68200D297F4043002722F1 /* ActivityView.swift in Sources */ = {isa = PBXBuildFile; fileRef = 0B68200C297F4043002722F1 /* ActivityView.swift */; };
		0B68200F297F4053002722F1 /* ProfileView.swift in Sources */ = {isa = PBXBuildFile; fileRef = 0B68200E297F4053002722F1 /* ProfileView.swift */; };
		0B682011297F4865002722F1 /* PopularView.swift in Sources */ = {isa = PBXBuildFile; fileRef = 0B682010297F4865002722F1 /* PopularView.swift */; };
		0B682013297F487C002722F1 /* ReviewsView.swift in Sources */ = {isa = PBXBuildFile; fileRef = 0B682012297F487C002722F1 /* ReviewsView.swift */; };
		0B682015297F4898002722F1 /* ListsView.swift in Sources */ = {isa = PBXBuildFile; fileRef = 0B682014297F4898002722F1 /* ListsView.swift */; };
		0B682017297F48AD002722F1 /* JournalView.swift in Sources */ = {isa = PBXBuildFile; fileRef = 0B682016297F48AD002722F1 /* JournalView.swift */; };
		0B68201929802198002722F1 /* ListView.swift in Sources */ = {isa = PBXBuildFile; fileRef = 0B68201829802198002722F1 /* ListView.swift */; };
		0B68201D29803F5F002722F1 /* DisplayView.swift in Sources */ = {isa = PBXBuildFile; fileRef = 0B68201C29803F5E002722F1 /* DisplayView.swift */; };
		0B68201F2980435A002722F1 /* Containers.swift in Sources */ = {isa = PBXBuildFile; fileRef = 0B68201E2980435A002722F1 /* Containers.swift */; };
		0B68202129804AE5002722F1 /* RecipeView.swift in Sources */ = {isa = PBXBuildFile; fileRef = 0B68202029804AE5002722F1 /* RecipeView.swift */; };
		0B6820232981C651002722F1 /* CountryView.swift in Sources */ = {isa = PBXBuildFile; fileRef = 0B6820222981C650002722F1 /* CountryView.swift */; };
		0B6820252981C719002722F1 /* BrowseView.swift in Sources */ = {isa = PBXBuildFile; fileRef = 0B6820242981C719002722F1 /* BrowseView.swift */; };
		0B6820272981CCEB002722F1 /* SearchBarView.swift in Sources */ = {isa = PBXBuildFile; fileRef = 0B6820262981CCEB002722F1 /* SearchBarView.swift */; };
		0B6820292981CD45002722F1 /* SearchBar.swift in Sources */ = {isa = PBXBuildFile; fileRef = 0B6820282981CD45002722F1 /* SearchBar.swift */; };
/* End PBXBuildFile section */

/* Begin PBXContainerItemProxy section */
		0B681FE8297F2E82002722F1 /* PBXContainerItemProxy */ = {
			isa = PBXContainerItemProxy;
			containerPortal = 0B681FCE297F2E80002722F1 /* Project object */;
			proxyType = 1;
			remoteGlobalIDString = 0B681FD5297F2E80002722F1;
			remoteInfo = Chefd;
		};
		0B681FF2297F2E82002722F1 /* PBXContainerItemProxy */ = {
			isa = PBXContainerItemProxy;
			containerPortal = 0B681FCE297F2E80002722F1 /* Project object */;
			proxyType = 1;
			remoteGlobalIDString = 0B681FD5297F2E80002722F1;
			remoteInfo = Chefd;
		};
/* End PBXContainerItemProxy section */

/* Begin PBXFileReference section */
		0B681FD6297F2E80002722F1 /* Chefd.app */ = {isa = PBXFileReference; explicitFileType = wrapper.application; includeInIndex = 0; path = Chefd.app; sourceTree = BUILT_PRODUCTS_DIR; };
		0B681FD9297F2E80002722F1 /* ChefdApp.swift */ = {isa = PBXFileReference; lastKnownFileType = sourcecode.swift; path = ChefdApp.swift; sourceTree = "<group>"; };
		0B681FDB297F2E80002722F1 /* ContentView.swift */ = {isa = PBXFileReference; lastKnownFileType = sourcecode.swift; path = ContentView.swift; sourceTree = "<group>"; };
		0B681FDD297F2E82002722F1 /* Assets.xcassets */ = {isa = PBXFileReference; lastKnownFileType = folder.assetcatalog; path = Assets.xcassets; sourceTree = "<group>"; };
		0B681FDF297F2E82002722F1 /* Chefd.entitlements */ = {isa = PBXFileReference; lastKnownFileType = text.plist.entitlements; path = Chefd.entitlements; sourceTree = "<group>"; };
		0B681FE1297F2E82002722F1 /* Preview Assets.xcassets */ = {isa = PBXFileReference; lastKnownFileType = folder.assetcatalog; path = "Preview Assets.xcassets"; sourceTree = "<group>"; };
		0B681FE7297F2E82002722F1 /* ChefdTests.xctest */ = {isa = PBXFileReference; explicitFileType = wrapper.cfbundle; includeInIndex = 0; path = ChefdTests.xctest; sourceTree = BUILT_PRODUCTS_DIR; };
		0B681FEB297F2E82002722F1 /* ChefdTests.swift */ = {isa = PBXFileReference; lastKnownFileType = sourcecode.swift; path = ChefdTests.swift; sourceTree = "<group>"; };
		0B681FF1297F2E82002722F1 /* ChefdUITests.xctest */ = {isa = PBXFileReference; explicitFileType = wrapper.cfbundle; includeInIndex = 0; path = ChefdUITests.xctest; sourceTree = BUILT_PRODUCTS_DIR; };
		0B681FF5297F2E82002722F1 /* ChefdUITests.swift */ = {isa = PBXFileReference; lastKnownFileType = sourcecode.swift; path = ChefdUITests.swift; sourceTree = "<group>"; };
		0B681FF7297F2E82002722F1 /* ChefdUITestsLaunchTests.swift */ = {isa = PBXFileReference; lastKnownFileType = sourcecode.swift; path = ChefdUITestsLaunchTests.swift; sourceTree = "<group>"; };
		0B682006297F3CE0002722F1 /* HomeView.swift */ = {isa = PBXFileReference; lastKnownFileType = sourcecode.swift; path = HomeView.swift; sourceTree = "<group>"; };
		0B682008297F3E0A002722F1 /* SearchView.swift */ = {isa = PBXFileReference; lastKnownFileType = sourcecode.swift; path = SearchView.swift; sourceTree = "<group>"; };
		0B68200A297F4033002722F1 /* AddView.swift */ = {isa = PBXFileReference; lastKnownFileType = sourcecode.swift; path = AddView.swift; sourceTree = "<group>"; };
		0B68200C297F4043002722F1 /* ActivityView.swift */ = {isa = PBXFileReference; lastKnownFileType = sourcecode.swift; path = ActivityView.swift; sourceTree = "<group>"; };
		0B68200E297F4053002722F1 /* ProfileView.swift */ = {isa = PBXFileReference; lastKnownFileType = sourcecode.swift; path = ProfileView.swift; sourceTree = "<group>"; };
		0B682010297F4865002722F1 /* PopularView.swift */ = {isa = PBXFileReference; lastKnownFileType = sourcecode.swift; path = PopularView.swift; sourceTree = "<group>"; };
		0B682012297F487C002722F1 /* ReviewsView.swift */ = {isa = PBXFileReference; lastKnownFileType = sourcecode.swift; path = ReviewsView.swift; sourceTree = "<group>"; };
		0B682014297F4898002722F1 /* ListsView.swift */ = {isa = PBXFileReference; lastKnownFileType = sourcecode.swift; path = ListsView.swift; sourceTree = "<group>"; };
		0B682016297F48AD002722F1 /* JournalView.swift */ = {isa = PBXFileReference; lastKnownFileType = sourcecode.swift; path = JournalView.swift; sourceTree = "<group>"; };
		0B68201829802198002722F1 /* ListView.swift */ = {isa = PBXFileReference; lastKnownFileType = sourcecode.swift; path = ListView.swift; sourceTree = "<group>"; };
		0B68201C29803F5E002722F1 /* DisplayView.swift */ = {isa = PBXFileReference; lastKnownFileType = sourcecode.swift; path = DisplayView.swift; sourceTree = "<group>"; };
		0B68201E2980435A002722F1 /* Containers.swift */ = {isa = PBXFileReference; lastKnownFileType = sourcecode.swift; path = Containers.swift; sourceTree = "<group>"; };
		0B68202029804AE5002722F1 /* RecipeView.swift */ = {isa = PBXFileReference; lastKnownFileType = sourcecode.swift; path = RecipeView.swift; sourceTree = "<group>"; };
		0B6820222981C650002722F1 /* CountryView.swift */ = {isa = PBXFileReference; lastKnownFileType = sourcecode.swift; path = CountryView.swift; sourceTree = "<group>"; };
		0B6820242981C719002722F1 /* BrowseView.swift */ = {isa = PBXFileReference; lastKnownFileType = sourcecode.swift; path = BrowseView.swift; sourceTree = "<group>"; };
		0B6820262981CCEB002722F1 /* SearchBarView.swift */ = {isa = PBXFileReference; lastKnownFileType = sourcecode.swift; path = SearchBarView.swift; sourceTree = "<group>"; };
		0B6820282981CD45002722F1 /* SearchBar.swift */ = {isa = PBXFileReference; lastKnownFileType = sourcecode.swift; path = SearchBar.swift; sourceTree = "<group>"; };
/* End PBXFileReference section */

/* Begin PBXFrameworksBuildPhase section */
		0B681FD3297F2E80002722F1 /* Frameworks */ = {
			isa = PBXFrameworksBuildPhase;
			buildActionMask = 2147483647;
			files = (
			);
			runOnlyForDeploymentPostprocessing = 0;
		};
		0B681FE4297F2E82002722F1 /* Frameworks */ = {
			isa = PBXFrameworksBuildPhase;
			buildActionMask = 2147483647;
			files = (
			);
			runOnlyForDeploymentPostprocessing = 0;
		};
		0B681FEE297F2E82002722F1 /* Frameworks */ = {
			isa = PBXFrameworksBuildPhase;
			buildActionMask = 2147483647;
			files = (
			);
			runOnlyForDeploymentPostprocessing = 0;
		};
/* End PBXFrameworksBuildPhase section */

/* Begin PBXGroup section */
		0B681FCD297F2E80002722F1 = {
			isa = PBXGroup;
			children = (
				0B68201C29803F5E002722F1 /* DisplayView.swift */,
				0B68202029804AE5002722F1 /* RecipeView.swift */,
				0B68201829802198002722F1 /* ListView.swift */,
				0B6820242981C719002722F1 /* BrowseView.swift */,
				0B6820222981C650002722F1 /* CountryView.swift */,
				0B6820282981CD45002722F1 /* SearchBar.swift */,
				0B6820262981CCEB002722F1 /* SearchBarView.swift */,
				0B681FD8297F2E80002722F1 /* Chefd */,
				0B681FEA297F2E82002722F1 /* ChefdTests */,
				0B681FF4297F2E82002722F1 /* ChefdUITests */,
				0B681FD7297F2E80002722F1 /* Products */,
			);
			sourceTree = "<group>";
		};
		0B681FD7297F2E80002722F1 /* Products */ = {
			isa = PBXGroup;
			children = (
				0B681FD6297F2E80002722F1 /* Chefd.app */,
				0B681FE7297F2E82002722F1 /* ChefdTests.xctest */,
				0B681FF1297F2E82002722F1 /* ChefdUITests.xctest */,
			);
			name = Products;
			sourceTree = "<group>";
		};
		0B681FD8297F2E80002722F1 /* Chefd */ = {
			isa = PBXGroup;
			children = (
				0B681FD9297F2E80002722F1 /* ChefdApp.swift */,
				0B681FDB297F2E80002722F1 /* ContentView.swift */,
				0B68200A297F4033002722F1 /* AddView.swift */,
				0B68200C297F4043002722F1 /* ActivityView.swift */,
				0B68200E297F4053002722F1 /* ProfileView.swift */,
				0B682008297F3E0A002722F1 /* SearchView.swift */,
				0B682006297F3CE0002722F1 /* HomeView.swift */,
				0B682016297F48AD002722F1 /* JournalView.swift */,
				0B682014297F4898002722F1 /* ListsView.swift */,
				0B682012297F487C002722F1 /* ReviewsView.swift */,
				0B682010297F4865002722F1 /* PopularView.swift */,
				0B681FDD297F2E82002722F1 /* Assets.xcassets */,
				0B681FDF297F2E82002722F1 /* Chefd.entitlements */,
				0B681FE0297F2E82002722F1 /* Preview Content */,
				0B68201E2980435A002722F1 /* Containers.swift */,
			);
			path = Chefd;
			sourceTree = "<group>";
		};
		0B681FE0297F2E82002722F1 /* Preview Content */ = {
			isa = PBXGroup;
			children = (
				0B681FE1297F2E82002722F1 /* Preview Assets.xcassets */,
			);
			path = "Preview Content";
			sourceTree = "<group>";
		};
		0B681FEA297F2E82002722F1 /* ChefdTests */ = {
			isa = PBXGroup;
			children = (
				0B681FEB297F2E82002722F1 /* ChefdTests.swift */,
			);
			path = ChefdTests;
			sourceTree = "<group>";
		};
		0B681FF4297F2E82002722F1 /* ChefdUITests */ = {
			isa = PBXGroup;
			children = (
				0B681FF5297F2E82002722F1 /* ChefdUITests.swift */,
				0B681FF7297F2E82002722F1 /* ChefdUITestsLaunchTests.swift */,
			);
			path = ChefdUITests;
			sourceTree = "<group>";
		};
/* End PBXGroup section */

/* Begin PBXNativeTarget section */
		0B681FD5297F2E80002722F1 /* Chefd */ = {
			isa = PBXNativeTarget;
			buildConfigurationList = 0B681FFB297F2E82002722F1 /* Build configuration list for PBXNativeTarget "Chefd" */;
			buildPhases = (
				0B681FD2297F2E80002722F1 /* Sources */,
				0B681FD3297F2E80002722F1 /* Frameworks */,
				0B681FD4297F2E80002722F1 /* Resources */,
			);
			buildRules = (
			);
			dependencies = (
			);
			name = Chefd;
			productName = Chefd;
			productReference = 0B681FD6297F2E80002722F1 /* Chefd.app */;
			productType = "com.apple.product-type.application";
		};
		0B681FE6297F2E82002722F1 /* ChefdTests */ = {
			isa = PBXNativeTarget;
			buildConfigurationList = 0B681FFE297F2E82002722F1 /* Build configuration list for PBXNativeTarget "ChefdTests" */;
			buildPhases = (
				0B681FE3297F2E82002722F1 /* Sources */,
				0B681FE4297F2E82002722F1 /* Frameworks */,
				0B681FE5297F2E82002722F1 /* Resources */,
			);
			buildRules = (
			);
			dependencies = (
				0B681FE9297F2E82002722F1 /* PBXTargetDependency */,
			);
			name = ChefdTests;
			productName = ChefdTests;
			productReference = 0B681FE7297F2E82002722F1 /* ChefdTests.xctest */;
			productType = "com.apple.product-type.bundle.unit-test";
		};
		0B681FF0297F2E82002722F1 /* ChefdUITests */ = {
			isa = PBXNativeTarget;
			buildConfigurationList = 0B682001297F2E82002722F1 /* Build configuration list for PBXNativeTarget "ChefdUITests" */;
			buildPhases = (
				0B681FED297F2E82002722F1 /* Sources */,
				0B681FEE297F2E82002722F1 /* Frameworks */,
				0B681FEF297F2E82002722F1 /* Resources */,
			);
			buildRules = (
			);
			dependencies = (
				0B681FF3297F2E82002722F1 /* PBXTargetDependency */,
			);
			name = ChefdUITests;
			productName = ChefdUITests;
			productReference = 0B681FF1297F2E82002722F1 /* ChefdUITests.xctest */;
			productType = "com.apple.product-type.bundle.ui-testing";
		};
/* End PBXNativeTarget section */

/* Begin PBXProject section */
		0B681FCE297F2E80002722F1 /* Project object */ = {
			isa = PBXProject;
			attributes = {
				BuildIndependentTargetsInParallel = 1;
				LastSwiftUpdateCheck = 1410;
				LastUpgradeCheck = 1410;
				TargetAttributes = {
					0B681FD5297F2E80002722F1 = {
						CreatedOnToolsVersion = 14.1;
					};
					0B681FE6297F2E82002722F1 = {
						CreatedOnToolsVersion = 14.1;
						TestTargetID = 0B681FD5297F2E80002722F1;
					};
					0B681FF0297F2E82002722F1 = {
						CreatedOnToolsVersion = 14.1;
						TestTargetID = 0B681FD5297F2E80002722F1;
					};
				};
			};
			buildConfigurationList = 0B681FD1297F2E80002722F1 /* Build configuration list for PBXProject "Chefd" */;
			compatibilityVersion = "Xcode 14.0";
			developmentRegion = en;
			hasScannedForEncodings = 0;
			knownRegions = (
				en,
				Base,
			);
			mainGroup = 0B681FCD297F2E80002722F1;
			productRefGroup = 0B681FD7297F2E80002722F1 /* Products */;
			projectDirPath = "";
			projectRoot = "";
			targets = (
				0B681FD5297F2E80002722F1 /* Chefd */,
				0B681FE6297F2E82002722F1 /* ChefdTests */,
				0B681FF0297F2E82002722F1 /* ChefdUITests */,
			);
		};
/* End PBXProject section */

/* Begin PBXResourcesBuildPhase section */
		0B681FD4297F2E80002722F1 /* Resources */ = {
			isa = PBXResourcesBuildPhase;
			buildActionMask = 2147483647;
			files = (
				0B681FE2297F2E82002722F1 /* Preview Assets.xcassets in Resources */,
				0B681FDE297F2E82002722F1 /* Assets.xcassets in Resources */,
			);
			runOnlyForDeploymentPostprocessing = 0;
		};
		0B681FE5297F2E82002722F1 /* Resources */ = {
			isa = PBXResourcesBuildPhase;
			buildActionMask = 2147483647;
			files = (
			);
			runOnlyForDeploymentPostprocessing = 0;
		};
		0B681FEF297F2E82002722F1 /* Resources */ = {
			isa = PBXResourcesBuildPhase;
			buildActionMask = 2147483647;
			files = (
			);
			runOnlyForDeploymentPostprocessing = 0;
		};
/* End PBXResourcesBuildPhase section */

/* Begin PBXSourcesBuildPhase section */
		0B681FD2297F2E80002722F1 /* Sources */ = {
			isa = PBXSourcesBuildPhase;
			buildActionMask = 2147483647;
			files = (
				0B682017297F48AD002722F1 /* JournalView.swift in Sources */,
				0B682013297F487C002722F1 /* ReviewsView.swift in Sources */,
				0B682009297F3E0A002722F1 /* SearchView.swift in Sources */,
				0B682007297F3CE0002722F1 /* HomeView.swift in Sources */,
				0B682011297F4865002722F1 /* PopularView.swift in Sources */,
				0B6820252981C719002722F1 /* BrowseView.swift in Sources */,
				0B68201F2980435A002722F1 /* Containers.swift in Sources */,
				0B68200B297F4033002722F1 /* AddView.swift in Sources */,
				0B681FDC297F2E80002722F1 /* ContentView.swift in Sources */,
				0B68201D29803F5F002722F1 /* DisplayView.swift in Sources */,
				0B6820272981CCEB002722F1 /* SearchBarView.swift in Sources */,
				0B68202129804AE5002722F1 /* RecipeView.swift in Sources */,
				0B682015297F4898002722F1 /* ListsView.swift in Sources */,
				0B6820232981C651002722F1 /* CountryView.swift in Sources */,
				0B68201929802198002722F1 /* ListView.swift in Sources */,
				0B6820292981CD45002722F1 /* SearchBar.swift in Sources */,
				0B681FDA297F2E80002722F1 /* ChefdApp.swift in Sources */,
				0B68200F297F4053002722F1 /* ProfileView.swift in Sources */,
				0B68200D297F4043002722F1 /* ActivityView.swift in Sources */,
			);
			runOnlyForDeploymentPostprocessing = 0;
		};
		0B681FE3297F2E82002722F1 /* Sources */ = {
			isa = PBXSourcesBuildPhase;
			buildActionMask = 2147483647;
			files = (
				0B681FEC297F2E82002722F1 /* ChefdTests.swift in Sources */,
			);
			runOnlyForDeploymentPostprocessing = 0;
		};
		0B681FED297F2E82002722F1 /* Sources */ = {
			isa = PBXSourcesBuildPhase;
			buildActionMask = 2147483647;
			files = (
				0B681FF6297F2E82002722F1 /* ChefdUITests.swift in Sources */,
				0B681FF8297F2E82002722F1 /* ChefdUITestsLaunchTests.swift in Sources */,
			);
			runOnlyForDeploymentPostprocessing = 0;
		};
/* End PBXSourcesBuildPhase section */

/* Begin PBXTargetDependency section */
		0B681FE9297F2E82002722F1 /* PBXTargetDependency */ = {
			isa = PBXTargetDependency;
			target = 0B681FD5297F2E80002722F1 /* Chefd */;
			targetProxy = 0B681FE8297F2E82002722F1 /* PBXContainerItemProxy */;
		};
		0B681FF3297F2E82002722F1 /* PBXTargetDependency */ = {
			isa = PBXTargetDependency;
			target = 0B681FD5297F2E80002722F1 /* Chefd */;
			targetProxy = 0B681FF2297F2E82002722F1 /* PBXContainerItemProxy */;
		};
/* End PBXTargetDependency section */

/* Begin XCBuildConfiguration section */
		0B681FF9297F2E82002722F1 /* Debug */ = {
			isa = XCBuildConfiguration;
			buildSettings = {
				ALWAYS_SEARCH_USER_PATHS = NO;
				CLANG_ANALYZER_NONNULL = YES;
				CLANG_ANALYZER_NUMBER_OBJECT_CONVERSION = YES_AGGRESSIVE;
				CLANG_CXX_LANGUAGE_STANDARD = "gnu++20";
				CLANG_ENABLE_MODULES = YES;
				CLANG_ENABLE_OBJC_ARC = YES;
				CLANG_ENABLE_OBJC_WEAK = YES;
				CLANG_WARN_BLOCK_CAPTURE_AUTORELEASING = YES;
				CLANG_WARN_BOOL_CONVERSION = YES;
				CLANG_WARN_COMMA = YES;
				CLANG_WARN_CONSTANT_CONVERSION = YES;
				CLANG_WARN_DEPRECATED_OBJC_IMPLEMENTATIONS = YES;
				CLANG_WARN_DIRECT_OBJC_ISA_USAGE = YES_ERROR;
				CLANG_WARN_DOCUMENTATION_COMMENTS = YES;
				CLANG_WARN_EMPTY_BODY = YES;
				CLANG_WARN_ENUM_CONVERSION = YES;
				CLANG_WARN_INFINITE_RECURSION = YES;
				CLANG_WARN_INT_CONVERSION = YES;
				CLANG_WARN_NON_LITERAL_NULL_CONVERSION = YES;
				CLANG_WARN_OBJC_IMPLICIT_RETAIN_SELF = YES;
				CLANG_WARN_OBJC_LITERAL_CONVERSION = YES;
				CLANG_WARN_OBJC_ROOT_CLASS = YES_ERROR;
				CLANG_WARN_QUOTED_INCLUDE_IN_FRAMEWORK_HEADER = YES;
				CLANG_WARN_RANGE_LOOP_ANALYSIS = YES;
				CLANG_WARN_STRICT_PROTOTYPES = YES;
				CLANG_WARN_SUSPICIOUS_MOVE = YES;
				CLANG_WARN_UNGUARDED_AVAILABILITY = YES_AGGRESSIVE;
				CLANG_WARN_UNREACHABLE_CODE = YES;
				CLANG_WARN__DUPLICATE_METHOD_MATCH = YES;
				COPY_PHASE_STRIP = NO;
				DEBUG_INFORMATION_FORMAT = dwarf;
				ENABLE_STRICT_OBJC_MSGSEND = YES;
				ENABLE_TESTABILITY = YES;
				GCC_C_LANGUAGE_STANDARD = gnu11;
				GCC_DYNAMIC_NO_PIC = NO;
				GCC_NO_COMMON_BLOCKS = YES;
				GCC_OPTIMIZATION_LEVEL = 0;
				GCC_PREPROCESSOR_DEFINITIONS = (
					"DEBUG=1",
					"$(inherited)",
				);
				GCC_WARN_64_TO_32_BIT_CONVERSION = YES;
				GCC_WARN_ABOUT_RETURN_TYPE = YES_ERROR;
				GCC_WARN_UNDECLARED_SELECTOR = YES;
				GCC_WARN_UNINITIALIZED_AUTOS = YES_AGGRESSIVE;
				GCC_WARN_UNUSED_FUNCTION = YES;
				GCC_WARN_UNUSED_VARIABLE = YES;
				MTL_ENABLE_DEBUG_INFO = INCLUDE_SOURCE;
				MTL_FAST_MATH = YES;
				ONLY_ACTIVE_ARCH = YES;
				SWIFT_ACTIVE_COMPILATION_CONDITIONS = DEBUG;
				SWIFT_OPTIMIZATION_LEVEL = "-Onone";
			};
			name = Debug;
		};
		0B681FFA297F2E82002722F1 /* Release */ = {
			isa = XCBuildConfiguration;
			buildSettings = {
				ALWAYS_SEARCH_USER_PATHS = NO;
				CLANG_ANALYZER_NONNULL = YES;
				CLANG_ANALYZER_NUMBER_OBJECT_CONVERSION = YES_AGGRESSIVE;
				CLANG_CXX_LANGUAGE_STANDARD = "gnu++20";
				CLANG_ENABLE_MODULES = YES;
				CLANG_ENABLE_OBJC_ARC = YES;
				CLANG_ENABLE_OBJC_WEAK = YES;
				CLANG_WARN_BLOCK_CAPTURE_AUTORELEASING = YES;
				CLANG_WARN_BOOL_CONVERSION = YES;
				CLANG_WARN_COMMA = YES;
				CLANG_WARN_CONSTANT_CONVERSION = YES;
				CLANG_WARN_DEPRECATED_OBJC_IMPLEMENTATIONS = YES;
				CLANG_WARN_DIRECT_OBJC_ISA_USAGE = YES_ERROR;
				CLANG_WARN_DOCUMENTATION_COMMENTS = YES;
				CLANG_WARN_EMPTY_BODY = YES;
				CLANG_WARN_ENUM_CONVERSION = YES;
				CLANG_WARN_INFINITE_RECURSION = YES;
				CLANG_WARN_INT_CONVERSION = YES;
				CLANG_WARN_NON_LITERAL_NULL_CONVERSION = YES;
				CLANG_WARN_OBJC_IMPLICIT_RETAIN_SELF = YES;
				CLANG_WARN_OBJC_LITERAL_CONVERSION = YES;
				CLANG_WARN_OBJC_ROOT_CLASS = YES_ERROR;
				CLANG_WARN_QUOTED_INCLUDE_IN_FRAMEWORK_HEADER = YES;
				CLANG_WARN_RANGE_LOOP_ANALYSIS = YES;
				CLANG_WARN_STRICT_PROTOTYPES = YES;
				CLANG_WARN_SUSPICIOUS_MOVE = YES;
				CLANG_WARN_UNGUARDED_AVAILABILITY = YES_AGGRESSIVE;
				CLANG_WARN_UNREACHABLE_CODE = YES;
				CLANG_WARN__DUPLICATE_METHOD_MATCH = YES;
				COPY_PHASE_STRIP = NO;
				DEBUG_INFORMATION_FORMAT = "dwarf-with-dsym";
				ENABLE_NS_ASSERTIONS = NO;
				ENABLE_STRICT_OBJC_MSGSEND = YES;
				GCC_C_LANGUAGE_STANDARD = gnu11;
				GCC_NO_COMMON_BLOCKS = YES;
				GCC_WARN_64_TO_32_BIT_CONVERSION = YES;
				GCC_WARN_ABOUT_RETURN_TYPE = YES_ERROR;
				GCC_WARN_UNDECLARED_SELECTOR = YES;
				GCC_WARN_UNINITIALIZED_AUTOS = YES_AGGRESSIVE;
				GCC_WARN_UNUSED_FUNCTION = YES;
				GCC_WARN_UNUSED_VARIABLE = YES;
				MTL_ENABLE_DEBUG_INFO = NO;
				MTL_FAST_MATH = YES;
				SWIFT_COMPILATION_MODE = wholemodule;
				SWIFT_OPTIMIZATION_LEVEL = "-O";
			};
			name = Release;
		};
		0B681FFC297F2E82002722F1 /* Debug */ = {
			isa = XCBuildConfiguration;
			buildSettings = {
				ASSETCATALOG_COMPILER_APPICON_NAME = AppIcon;
				ASSETCATALOG_COMPILER_GLOBAL_ACCENT_COLOR_NAME = AccentColor;
				CODE_SIGN_ENTITLEMENTS = Chefd/Chefd.entitlements;
				CODE_SIGN_STYLE = Automatic;
				CURRENT_PROJECT_VERSION = 1;
				DEVELOPMENT_ASSET_PATHS = "\"Chefd/Preview Content\"";
				ENABLE_PREVIEWS = YES;
				GENERATE_INFOPLIST_FILE = YES;
				"INFOPLIST_KEY_UIApplicationSceneManifest_Generation[sdk=iphoneos*]" = YES;
				"INFOPLIST_KEY_UIApplicationSceneManifest_Generation[sdk=iphonesimulator*]" = YES;
				"INFOPLIST_KEY_UIApplicationSupportsIndirectInputEvents[sdk=iphoneos*]" = YES;
				"INFOPLIST_KEY_UIApplicationSupportsIndirectInputEvents[sdk=iphonesimulator*]" = YES;
				"INFOPLIST_KEY_UILaunchScreen_Generation[sdk=iphoneos*]" = YES;
				"INFOPLIST_KEY_UILaunchScreen_Generation[sdk=iphonesimulator*]" = YES;
				"INFOPLIST_KEY_UIStatusBarStyle[sdk=iphoneos*]" = UIStatusBarStyleDefault;
				"INFOPLIST_KEY_UIStatusBarStyle[sdk=iphonesimulator*]" = UIStatusBarStyleDefault;
				INFOPLIST_KEY_UISupportedInterfaceOrientations_iPad = "UIInterfaceOrientationPortrait UIInterfaceOrientationPortraitUpsideDown UIInterfaceOrientationLandscapeLeft UIInterfaceOrientationLandscapeRight";
				INFOPLIST_KEY_UISupportedInterfaceOrientations_iPhone = "UIInterfaceOrientationPortrait UIInterfaceOrientationLandscapeLeft UIInterfaceOrientationLandscapeRight";
				IPHONEOS_DEPLOYMENT_TARGET = 16.1;
				LD_RUNPATH_SEARCH_PATHS = "@executable_path/Frameworks";
				"LD_RUNPATH_SEARCH_PATHS[sdk=macosx*]" = "@executable_path/../Frameworks";
				MACOSX_DEPLOYMENT_TARGET = 13.0;
				MARKETING_VERSION = 1.0;
				PRODUCT_BUNDLE_IDENTIFIER = oceans.Chefd;
				PRODUCT_NAME = "$(TARGET_NAME)";
				SDKROOT = auto;
				SUPPORTED_PLATFORMS = "iphoneos iphonesimulator macosx";
				SWIFT_EMIT_LOC_STRINGS = YES;
				SWIFT_VERSION = 5.0;
				TARGETED_DEVICE_FAMILY = "1,2";
			};
			name = Debug;
		};
		0B681FFD297F2E82002722F1 /* Release */ = {
			isa = XCBuildConfiguration;
			buildSettings = {
				ASSETCATALOG_COMPILER_APPICON_NAME = AppIcon;
				ASSETCATALOG_COMPILER_GLOBAL_ACCENT_COLOR_NAME = AccentColor;
				CODE_SIGN_ENTITLEMENTS = Chefd/Chefd.entitlements;
				CODE_SIGN_STYLE = Automatic;
				CURRENT_PROJECT_VERSION = 1;
				DEVELOPMENT_ASSET_PATHS = "\"Chefd/Preview Content\"";
				ENABLE_PREVIEWS = YES;
				GENERATE_INFOPLIST_FILE = YES;
				"INFOPLIST_KEY_UIApplicationSceneManifest_Generation[sdk=iphoneos*]" = YES;
				"INFOPLIST_KEY_UIApplicationSceneManifest_Generation[sdk=iphonesimulator*]" = YES;
				"INFOPLIST_KEY_UIApplicationSupportsIndirectInputEvents[sdk=iphoneos*]" = YES;
				"INFOPLIST_KEY_UIApplicationSupportsIndirectInputEvents[sdk=iphonesimulator*]" = YES;
				"INFOPLIST_KEY_UILaunchScreen_Generation[sdk=iphoneos*]" = YES;
				"INFOPLIST_KEY_UILaunchScreen_Generation[sdk=iphonesimulator*]" = YES;
				"INFOPLIST_KEY_UIStatusBarStyle[sdk=iphoneos*]" = UIStatusBarStyleDefault;
				"INFOPLIST_KEY_UIStatusBarStyle[sdk=iphonesimulator*]" = UIStatusBarStyleDefault;
				INFOPLIST_KEY_UISupportedInterfaceOrientations_iPad = "UIInterfaceOrientationPortrait UIInterfaceOrientationPortraitUpsideDown UIInterfaceOrientationLandscapeLeft UIInterfaceOrientationLandscapeRight";
				INFOPLIST_KEY_UISupportedInterfaceOrientations_iPhone = "UIInterfaceOrientationPortrait UIInterfaceOrientationLandscapeLeft UIInterfaceOrientationLandscapeRight";
				IPHONEOS_DEPLOYMENT_TARGET = 16.1;
				LD_RUNPATH_SEARCH_PATHS = "@executable_path/Frameworks";
				"LD_RUNPATH_SEARCH_PATHS[sdk=macosx*]" = "@executable_path/../Frameworks";
				MACOSX_DEPLOYMENT_TARGET = 13.0;
				MARKETING_VERSION = 1.0;
				PRODUCT_BUNDLE_IDENTIFIER = oceans.Chefd;
				PRODUCT_NAME = "$(TARGET_NAME)";
				SDKROOT = auto;
				SUPPORTED_PLATFORMS = "iphoneos iphonesimulator macosx";
				SWIFT_EMIT_LOC_STRINGS = YES;
				SWIFT_VERSION = 5.0;
				TARGETED_DEVICE_FAMILY = "1,2";
			};
			name = Release;
		};
		0B681FFF297F2E82002722F1 /* Debug */ = {
			isa = XCBuildConfiguration;
			buildSettings = {
				ALWAYS_EMBED_SWIFT_STANDARD_LIBRARIES = YES;
				BUNDLE_LOADER = "$(TEST_HOST)";
				CODE_SIGN_STYLE = Automatic;
				CURRENT_PROJECT_VERSION = 1;
				GENERATE_INFOPLIST_FILE = YES;
				IPHONEOS_DEPLOYMENT_TARGET = 16.1;
				MACOSX_DEPLOYMENT_TARGET = 13.0;
				MARKETING_VERSION = 1.0;
				PRODUCT_BUNDLE_IDENTIFIER = oceans.ChefdTests;
				PRODUCT_NAME = "$(TARGET_NAME)";
				SDKROOT = auto;
				SUPPORTED_PLATFORMS = "iphoneos iphonesimulator macosx";
				SWIFT_EMIT_LOC_STRINGS = NO;
				SWIFT_VERSION = 5.0;
				TARGETED_DEVICE_FAMILY = "1,2";
				TEST_HOST = "$(BUILT_PRODUCTS_DIR)/Chefd.app/$(BUNDLE_EXECUTABLE_FOLDER_PATH)/Chefd";
			};
			name = Debug;
		};
		0B682000297F2E82002722F1 /* Release */ = {
			isa = XCBuildConfiguration;
			buildSettings = {
				ALWAYS_EMBED_SWIFT_STANDARD_LIBRARIES = YES;
				BUNDLE_LOADER = "$(TEST_HOST)";
				CODE_SIGN_STYLE = Automatic;
				CURRENT_PROJECT_VERSION = 1;
				GENERATE_INFOPLIST_FILE = YES;
				IPHONEOS_DEPLOYMENT_TARGET = 16.1;
				MACOSX_DEPLOYMENT_TARGET = 13.0;
				MARKETING_VERSION = 1.0;
				PRODUCT_BUNDLE_IDENTIFIER = oceans.ChefdTests;
				PRODUCT_NAME = "$(TARGET_NAME)";
				SDKROOT = auto;
				SUPPORTED_PLATFORMS = "iphoneos iphonesimulator macosx";
				SWIFT_EMIT_LOC_STRINGS = NO;
				SWIFT_VERSION = 5.0;
				TARGETED_DEVICE_FAMILY = "1,2";
				TEST_HOST = "$(BUILT_PRODUCTS_DIR)/Chefd.app/$(BUNDLE_EXECUTABLE_FOLDER_PATH)/Chefd";
			};
			name = Release;
		};
		0B682002297F2E82002722F1 /* Debug */ = {
			isa = XCBuildConfiguration;
			buildSettings = {
				ALWAYS_EMBED_SWIFT_STANDARD_LIBRARIES = YES;
				CODE_SIGN_STYLE = Automatic;
				CURRENT_PROJECT_VERSION = 1;
				GENERATE_INFOPLIST_FILE = YES;
				IPHONEOS_DEPLOYMENT_TARGET = 16.1;
				MACOSX_DEPLOYMENT_TARGET = 13.0;
				MARKETING_VERSION = 1.0;
				PRODUCT_BUNDLE_IDENTIFIER = oceans.ChefdUITests;
				PRODUCT_NAME = "$(TARGET_NAME)";
				SDKROOT = auto;
				SUPPORTED_PLATFORMS = "iphoneos iphonesimulator macosx";
				SWIFT_EMIT_LOC_STRINGS = NO;
				SWIFT_VERSION = 5.0;
				TARGETED_DEVICE_FAMILY = "1,2";
				TEST_TARGET_NAME = Chefd;
			};
			name = Debug;
		};
		0B682003297F2E82002722F1 /* Release */ = {
			isa = XCBuildConfiguration;
			buildSettings = {
				ALWAYS_EMBED_SWIFT_STANDARD_LIBRARIES = YES;
				CODE_SIGN_STYLE = Automatic;
				CURRENT_PROJECT_VERSION = 1;
				GENERATE_INFOPLIST_FILE = YES;
				IPHONEOS_DEPLOYMENT_TARGET = 16.1;
				MACOSX_DEPLOYMENT_TARGET = 13.0;
				MARKETING_VERSION = 1.0;
				PRODUCT_BUNDLE_IDENTIFIER = oceans.ChefdUITests;
				PRODUCT_NAME = "$(TARGET_NAME)";
				SDKROOT = auto;
				SUPPORTED_PLATFORMS = "iphoneos iphonesimulator macosx";
				SWIFT_EMIT_LOC_STRINGS = NO;
				SWIFT_VERSION = 5.0;
				TARGETED_DEVICE_FAMILY = "1,2";
				TEST_TARGET_NAME = Chefd;
			};
			name = Release;
		};
/* End XCBuildConfiguration section */

/* Begin XCConfigurationList section */
		0B681FD1297F2E80002722F1 /* Build configuration list for PBXProject "Chefd" */ = {
			isa = XCConfigurationList;
			buildConfigurations = (
				0B681FF9297F2E82002722F1 /* Debug */,
				0B681FFA297F2E82002722F1 /* Release */,
			);
			defaultConfigurationIsVisible = 0;
			defaultConfigurationName = Release;
		};
		0B681FFB297F2E82002722F1 /* Build configuration list for PBXNativeTarget "Chefd" */ = {
			isa = XCConfigurationList;
			buildConfigurations = (
				0B681FFC297F2E82002722F1 /* Debug */,
				0B681FFD297F2E82002722F1 /* Release */,
			);
			defaultConfigurationIsVisible = 0;
			defaultConfigurationName = Release;
		};
		0B681FFE297F2E82002722F1 /* Build configuration list for PBXNativeTarget "ChefdTests" */ = {
			isa = XCConfigurationList;
			buildConfigurations = (
				0B681FFF297F2E82002722F1 /* Debug */,
				0B682000297F2E82002722F1 /* Release */,
			);
			defaultConfigurationIsVisible = 0;
			defaultConfigurationName = Release;
		};
		0B682001297F2E82002722F1 /* Build configuration list for PBXNativeTarget "ChefdUITests" */ = {
			isa = XCConfigurationList;
			buildConfigurations = (
				0B682002297F2E82002722F1 /* Debug */,
				0B682003297F2E82002722F1 /* Release */,
			);
			defaultConfigurationIsVisible = 0;
			defaultConfigurationName = Release;
		};
/* End XCConfigurationList section */
	};
	rootObject = 0B681FCE297F2E80002722F1 /* Project object */;
}
